{
  "version": 4,
  "terraform_version": "0.13.0",
  "serial": 17,
  "lineage": "28daa56f-74d1-83c3-2672-63686670c46e",
  "outputs": {},
  "resources": [
    {
      "mode": "managed",
      "type": "aws_instance",
      "name": "example",
      "provider": "provider[\"registry.terraform.io/hashicorp/aws\"]",
      "instances": [
        {
          "schema_version": 1,
          "attributes": {
            "ami": "ami-07c8bc5c1ce9598c3",
            "arn": "arn:aws:ec2:us-east-2:632881182608:instance/i-052dcaad2317dcfd5",
            "associate_public_ip_address": true,
            "availability_zone": "us-east-2c",
            "cpu_core_count": 1,
            "cpu_threads_per_core": 1,
            "credit_specification": [
              {
                "cpu_credits": "standard"
              }
            ],
            "disable_api_termination": false,
            "ebs_block_device": [],
            "ebs_optimized": false,
            "ephemeral_block_device": [],
            "get_password_data": false,
            "hibernation": false,
            "host_id": null,
            "iam_instance_profile": "",
            "id": "i-052dcaad2317dcfd5",
            "instance_initiated_shutdown_behavior": null,
            "instance_state": "running",
            "instance_type": "t2.micro",
            "ipv6_address_count": 0,
            "ipv6_addresses": [],
            "key_name": "examplekey",
            "metadata_options": [
              {
                "http_endpoint": "enabled",
                "http_put_response_hop_limit": 1,
                "http_tokens": "optional"
              }
            ],
            "monitoring": false,
            "network_interface": [],
            "outpost_arn": "",
            "password_data": "",
            "placement_group": "",
            "primary_network_interface_id": "eni-0227d9ed122ed81a1",
            "private_dns": "ip-172-31-47-19.us-east-2.compute.internal",
            "private_ip": "172.31.47.19",
            "public_dns": "ec2-3-131-100-102.us-east-2.compute.amazonaws.com",
            "public_ip": "3.131.100.102",
            "root_block_device": [
              {
                "delete_on_termination": true,
                "device_name": "/dev/xvda",
                "encrypted": false,
                "iops": 100,
                "kms_key_id": "",
                "volume_id": "vol-0169e82fae83ade0c",
                "volume_size": 8,
                "volume_type": "gp2"
              }
            ],
            "secondary_private_ips": [],
            "security_groups": [
              "default"
            ],
            "source_dest_check": true,
            "subnet_id": "subnet-9441ced8",
            "tags": null,
            "tenancy": "default",
            "timeouts": null,
            "user_data": null,
            "user_data_base64": null,
            "volume_tags": {},
            "vpc_security_group_ids": [
              "sg-5f26203b"
            ]
          },
          "private": "eyJlMmJmYjczMC1lY2FhLTExZTYtOGY4OC0zNDM2M2JjN2M0YzAiOnsiY3JlYXRlIjo2MDAwMDAwMDAwMDAsImRlbGV0ZSI6MTIwMDAwMDAwMDAwMCwidXBkYXRlIjo2MDAwMDAwMDAwMDB9LCJzY2hlbWFfdmVyc2lvbiI6IjEifQ==",
          "dependencies": [
            "aws_key_pair.example"
          ]
        }
      ]
    },
    {
      "mode": "managed",
      "type": "aws_key_pair",
      "name": "example",
      "provider": "provider[\"registry.terraform.io/hashicorp/aws\"]",
      "instances": [
        {
          "schema_version": 1,
          "attributes": {
            "arn": "arn:aws:ec2:us-east-2:632881182608:key-pair/examplekey",
            "fingerprint": "e7:bb:18:a8:14:ae:1c:5d:9b:0e:a4:09:f4:ef:5b:ed",
            "id": "examplekey",
            "key_name": "examplekey",
            "key_name_prefix": null,
            "key_pair_id": "key-0ac8abc21d84951bc",
            "public_key": "ssh-rsa AAAAB3NzaC1yc2EAAAADAQABAAABgQDPsBy3wsx3FQxN4tcZsDZ0EzmHUJZKZhPKYlItLiscse3pt0S3ETjZFoxEnbyBbhS3EakSFPl0qRsgsaaoCLyGKFqcBpvOmZyiqb2rA4dg8IMdghFGYDhT/ziMJqwTjAGDPXZ83ogs/SkszrpfwH67IfRAfm6O5GzIQb2DhqjDdV/FaljZhDF6Ovz7PjFjg/rObf1zHZ6Tj/Nx52qsAktJBJl/VL9L4XgqoOwPiv8PLYoSwpf7X8w9mT5Y2kSXrFQtuDTU+EjfEcb/5Gnj9BPm8RkKpeDIwqnTuSLKdwZUarIC5VKjwfUR/YdrxRfjNN+WB539EQGrsG3LYxHRWEG/CH2xAtRQMwyWNHfIyHiCu0fpnEsmw1926X59OUWCQ36py7LTxxxpJ5UP9Fh/KhkdNyXQg8EslCE0v1G0pRhezz+ssDJP6yGcZQXS67PtAVHXpw+JfkgjsPY/yYOBIul4ZcRbhAKjmIJlISHRoVBNnm+9K5fXv55IurnjXDFs6WU= mike@MacA.local",
            "tags": null
          },
          "private": "eyJzY2hlbWFfdmVyc2lvbiI6IjEifQ=="
        }
      ]
    }
  ]
}
